// !$*UTF8*$!
{
	archiveVersion = 1;
	classes = {
	};
	objectVersion = 50;
	objects = {

/* Begin PBXBuildFile section */
		24094F8126A1F6BA0041500C /* key_env.c in Sources */ = {isa = PBXBuildFile; fileRef = 24094F8026A1F6BA0041500C /* key_env.c */; };
		24094F8326A1F7BA0041500C /* doll_quotes.c in Sources */ = {isa = PBXBuildFile; fileRef = 24094F8226A1F7BA0041500C /* doll_quotes.c */; };
		24094F8726A214170041500C /* libft.a in Frameworks */ = {isa = PBXBuildFile; fileRef = 24094F8626A214170041500C /* libft.a */; };
		2433AC5A26A09BE7000081F7 /* main.c in Sources */ = {isa = PBXBuildFile; fileRef = 2433AC5926A09BE7000081F7 /* main.c */; };
		2433AC6226A09F57000081F7 /* utils.c in Sources */ = {isa = PBXBuildFile; fileRef = 2433AC6126A09F57000081F7 /* utils.c */; };
		2433AC6626A0A183000081F7 /* Makefile in Sources */ = {isa = PBXBuildFile; fileRef = 2433AC6526A0A183000081F7 /* Makefile */; };
		24F21DA926A9D06700C0699A /* parser.c in Sources */ = {isa = PBXBuildFile; fileRef = 24F21DA826A9D06700C0699A /* parser.c */; };
		24F21DAB26A9D0B200C0699A /* tabs.c in Sources */ = {isa = PBXBuildFile; fileRef = 24F21DAA26A9D0B200C0699A /* tabs.c */; };
/* End PBXBuildFile section */

/* Begin PBXCopyFilesBuildPhase section */
		2433AC5426A09BE7000081F7 /* CopyFiles */ = {
			isa = PBXCopyFilesBuildPhase;
			buildActionMask = 2147483647;
			dstPath = /usr/share/man/man1/;
			dstSubfolderSpec = 0;
			files = (
			);
			runOnlyForDeploymentPostprocessing = 1;
		};
/* End PBXCopyFilesBuildPhase section */

/* Begin PBXFileReference section */
		24094F8026A1F6BA0041500C /* key_env.c */ = {isa = PBXFileReference; lastKnownFileType = sourcecode.c.c; path = key_env.c; sourceTree = "<group>"; };
		24094F8226A1F7BA0041500C /* doll_quotes.c */ = {isa = PBXFileReference; lastKnownFileType = sourcecode.c.c; path = doll_quotes.c; sourceTree = "<group>"; };
		24094F8626A214170041500C /* libft.a */ = {isa = PBXFileReference; lastKnownFileType = archive.ar; path = libft.a; sourceTree = "<group>"; };
		2433AC5626A09BE7000081F7 /* minishell */ = {isa = PBXFileReference; explicitFileType = "compiled.mach-o.executable"; includeInIndex = 0; path = minishell; sourceTree = BUILT_PRODUCTS_DIR; };
		2433AC5926A09BE7000081F7 /* main.c */ = {isa = PBXFileReference; lastKnownFileType = sourcecode.c.c; path = main.c; sourceTree = "<group>"; };
		2433AC6026A09F57000081F7 /* minishell.h */ = {isa = PBXFileReference; lastKnownFileType = sourcecode.c.h; path = minishell.h; sourceTree = "<group>"; };
		2433AC6126A09F57000081F7 /* utils.c */ = {isa = PBXFileReference; lastKnownFileType = sourcecode.c.c; path = utils.c; sourceTree = "<group>"; };
		2433AC6526A0A183000081F7 /* Makefile */ = {isa = PBXFileReference; fileEncoding = 4; lastKnownFileType = sourcecode.make; path = Makefile; sourceTree = "<group>"; };
		24F21DA826A9D06700C0699A /* parser.c */ = {isa = PBXFileReference; lastKnownFileType = sourcecode.c.c; path = parser.c; sourceTree = "<group>"; };
		24F21DAA26A9D0B200C0699A /* tabs.c */ = {isa = PBXFileReference; lastKnownFileType = sourcecode.c.c; path = tabs.c; sourceTree = "<group>"; };
/* End PBXFileReference section */

/* Begin PBXFrameworksBuildPhase section */
		2433AC5326A09BE7000081F7 /* Frameworks */ = {
			isa = PBXFrameworksBuildPhase;
			buildActionMask = 2147483647;
			files = (
				24094F8726A214170041500C /* libft.a in Frameworks */,
			);
			runOnlyForDeploymentPostprocessing = 0;
		};
/* End PBXFrameworksBuildPhase section */

/* Begin PBXGroup section */
		2433AC4D26A09BE7000081F7 = {
			isa = PBXGroup;
			children = (
				2433AC5826A09BE7000081F7 /* minishell */,
				2433AC5726A09BE7000081F7 /* Products */,
			);
			sourceTree = "<group>";
		};
		2433AC5726A09BE7000081F7 /* Products */ = {
			isa = PBXGroup;
			children = (
				2433AC5626A09BE7000081F7 /* minishell */,
			);
			name = Products;
			sourceTree = "<group>";
		};
		2433AC5826A09BE7000081F7 /* minishell */ = {
			isa = PBXGroup;
			children = (
				2433AC5926A09BE7000081F7 /* main.c */,
				24F21DA826A9D06700C0699A /* parser.c */,
				24F21DAA26A9D0B200C0699A /* tabs.c */,
				24094F8226A1F7BA0041500C /* doll_quotes.c */,
				24094F8026A1F6BA0041500C /* key_env.c */,
				2433AC6126A09F57000081F7 /* utils.c */,
				24094F8626A214170041500C /* libft.a */,
				2433AC6526A0A183000081F7 /* Makefile */,
				2433AC6026A09F57000081F7 /* minishell.h */,
			);
			path = minishell;
			sourceTree = "<group>";
		};
/* End PBXGroup section */

/* Begin PBXNativeTarget section */
		2433AC5526A09BE7000081F7 /* minishell */ = {
			isa = PBXNativeTarget;
			buildConfigurationList = 2433AC5D26A09BE7000081F7 /* Build configuration list for PBXNativeTarget "minishell" */;
			buildPhases = (
				2433AC5226A09BE7000081F7 /* Sources */,
				2433AC5326A09BE7000081F7 /* Frameworks */,
				2433AC5426A09BE7000081F7 /* CopyFiles */,
			);
			buildRules = (
			);
			dependencies = (
			);
			name = minishell;
			productName = minishell;
			productReference = 2433AC5626A09BE7000081F7 /* minishell */;
			productType = "com.apple.product-type.tool";
		};
/* End PBXNativeTarget section */

/* Begin PBXProject section */
		2433AC4E26A09BE7000081F7 /* Project object */ = {
			isa = PBXProject;
			attributes = {
				LastUpgradeCheck = 1130;
				ORGANIZATIONNAME = "Malena Dewayne";
				TargetAttributes = {
					2433AC5526A09BE7000081F7 = {
						CreatedOnToolsVersion = 11.3.1;
					};
				};
			};
			buildConfigurationList = 2433AC5126A09BE7000081F7 /* Build configuration list for PBXProject "minishell" */;
			compatibilityVersion = "Xcode 9.3";
			developmentRegion = en;
			hasScannedForEncodings = 0;
			knownRegions = (
				en,
				Base,
			);
			mainGroup = 2433AC4D26A09BE7000081F7;
			productRefGroup = 2433AC5726A09BE7000081F7 /* Products */;
			projectDirPath = "";
			projectRoot = "";
			targets = (
				2433AC5526A09BE7000081F7 /* minishell */,
			);
		};
/* End PBXProject section */

/* Begin PBXSourcesBuildPhase section */
		2433AC5226A09BE7000081F7 /* Sources */ = {
			isa = PBXSourcesBuildPhase;
			buildActionMask = 2147483647;
			files = (
				24094F8126A1F6BA0041500C /* key_env.c in Sources */,
				24094F8326A1F7BA0041500C /* doll_quotes.c in Sources */,
				24F21DAB26A9D0B200C0699A /* tabs.c in Sources */,
				2433AC6626A0A183000081F7 /* Makefile in Sources */,
				2433AC5A26A09BE7000081F7 /* main.c in Sources */,
				24F21DA926A9D06700C0699A /* parser.c in Sources */,
				2433AC6226A09F57000081F7 /* utils.c in Sources */,
			);
			runOnlyForDeploymentPostprocessing = 0;
		};
/* End PBXSourcesBuildPhase section */

/* Begin XCBuildConfiguration section */
		2433AC5B26A09BE7000081F7 /* Debug */ = {
			isa = XCBuildConfiguration;
			buildSettings = {
				ALWAYS_SEARCH_USER_PATHS = NO;
				CLANG_ANALYZER_NONNULL = YES;
				CLANG_ANALYZER_NUMBER_OBJECT_CONVERSION = YES_AGGRESSIVE;
				CLANG_CXX_LANGUAGE_STANDARD = "gnu++14";
				CLANG_CXX_LIBRARY = "libc++";
				CLANG_ENABLE_MODULES = YES;
				CLANG_ENABLE_OBJC_ARC = YES;
				CLANG_ENABLE_OBJC_WEAK = YES;
				CLANG_WARN_BLOCK_CAPTURE_AUTORELEASING = YES;
				CLANG_WARN_BOOL_CONVERSION = YES;
				CLANG_WARN_COMMA = YES;
				CLANG_WARN_CONSTANT_CONVERSION = YES;
				CLANG_WARN_DEPRECATED_OBJC_IMPLEMENTATIONS = YES;
				CLANG_WARN_DIRECT_OBJC_ISA_USAGE = YES_ERROR;
				CLANG_WARN_DOCUMENTATION_COMMENTS = YES;
				CLANG_WARN_EMPTY_BODY = YES;
				CLANG_WARN_ENUM_CONVERSION = YES;
				CLANG_WARN_INFINITE_RECURSION = YES;
				CLANG_WARN_INT_CONVERSION = YES;
				CLANG_WARN_NON_LITERAL_NULL_CONVERSION = YES;
				CLANG_WARN_OBJC_IMPLICIT_RETAIN_SELF = YES;
				CLANG_WARN_OBJC_LITERAL_CONVERSION = YES;
				CLANG_WARN_OBJC_ROOT_CLASS = YES_ERROR;
				CLANG_WARN_RANGE_LOOP_ANALYSIS = YES;
				CLANG_WARN_STRICT_PROTOTYPES = YES;
				CLANG_WARN_SUSPICIOUS_MOVE = YES;
				CLANG_WARN_UNGUARDED_AVAILABILITY = YES_AGGRESSIVE;
				CLANG_WARN_UNREACHABLE_CODE = YES;
				CLANG_WARN__DUPLICATE_METHOD_MATCH = YES;
				COPY_PHASE_STRIP = NO;
				DEBUG_INFORMATION_FORMAT = dwarf;
				ENABLE_STRICT_OBJC_MSGSEND = YES;
				ENABLE_TESTABILITY = YES;
				GCC_C_LANGUAGE_STANDARD = gnu11;
				GCC_DYNAMIC_NO_PIC = NO;
				GCC_NO_COMMON_BLOCKS = YES;
				GCC_OPTIMIZATION_LEVEL = 0;
				GCC_PREPROCESSOR_DEFINITIONS = (
					"DEBUG=1",
					"$(inherited)",
				);
				GCC_WARN_64_TO_32_BIT_CONVERSION = YES;
				GCC_WARN_ABOUT_RETURN_TYPE = YES_ERROR;
				GCC_WARN_UNDECLARED_SELECTOR = YES;
				GCC_WARN_UNINITIALIZED_AUTOS = YES_AGGRESSIVE;
				GCC_WARN_UNUSED_FUNCTION = YES;
				GCC_WARN_UNUSED_VARIABLE = YES;
				MACOSX_DEPLOYMENT_TARGET = 10.14;
				MTL_ENABLE_DEBUG_INFO = INCLUDE_SOURCE;
				MTL_FAST_MATH = YES;
				ONLY_ACTIVE_ARCH = YES;
				SDKROOT = macosx;
			};
			name = Debug;
		};
		2433AC5C26A09BE7000081F7 /* Release */ = {
			isa = XCBuildConfiguration;
			buildSettings = {
				ALWAYS_SEARCH_USER_PATHS = NO;
				CLANG_ANALYZER_NONNULL = YES;
				CLANG_ANALYZER_NUMBER_OBJECT_CONVERSION = YES_AGGRESSIVE;
				CLANG_CXX_LANGUAGE_STANDARD = "gnu++14";
				CLANG_CXX_LIBRARY = "libc++";
				CLANG_ENABLE_MODULES = YES;
				CLANG_ENABLE_OBJC_ARC = YES;
				CLANG_ENABLE_OBJC_WEAK = YES;
				CLANG_WARN_BLOCK_CAPTURE_AUTORELEASING = YES;
				CLANG_WARN_BOOL_CONVERSION = YES;
				CLANG_WARN_COMMA = YES;
				CLANG_WARN_CONSTANT_CONVERSION = YES;
				CLANG_WARN_DEPRECATED_OBJC_IMPLEMENTATIONS = YES;
				CLANG_WARN_DIRECT_OBJC_ISA_USAGE = YES_ERROR;
				CLANG_WARN_DOCUMENTATION_COMMENTS = YES;
				CLANG_WARN_EMPTY_BODY = YES;
				CLANG_WARN_ENUM_CONVERSION = YES;
				CLANG_WARN_INFINITE_RECURSION = YES;
				CLANG_WARN_INT_CONVERSION = YES;
				CLANG_WARN_NON_LITERAL_NULL_CONVERSION = YES;
				CLANG_WARN_OBJC_IMPLICIT_RETAIN_SELF = YES;
				CLANG_WARN_OBJC_LITERAL_CONVERSION = YES;
				CLANG_WARN_OBJC_ROOT_CLASS = YES_ERROR;
				CLANG_WARN_RANGE_LOOP_ANALYSIS = YES;
				CLANG_WARN_STRICT_PROTOTYPES = YES;
				CLANG_WARN_SUSPICIOUS_MOVE = YES;
				CLANG_WARN_UNGUARDED_AVAILABILITY = YES_AGGRESSIVE;
				CLANG_WARN_UNREACHABLE_CODE = YES;
				CLANG_WARN__DUPLICATE_METHOD_MATCH = YES;
				COPY_PHASE_STRIP = NO;
				DEBUG_INFORMATION_FORMAT = "dwarf-with-dsym";
				ENABLE_NS_ASSERTIONS = NO;
				ENABLE_STRICT_OBJC_MSGSEND = YES;
				GCC_C_LANGUAGE_STANDARD = gnu11;
				GCC_NO_COMMON_BLOCKS = YES;
				GCC_WARN_64_TO_32_BIT_CONVERSION = YES;
				GCC_WARN_ABOUT_RETURN_TYPE = YES_ERROR;
				GCC_WARN_UNDECLARED_SELECTOR = YES;
				GCC_WARN_UNINITIALIZED_AUTOS = YES_AGGRESSIVE;
				GCC_WARN_UNUSED_FUNCTION = YES;
				GCC_WARN_UNUSED_VARIABLE = YES;
				MACOSX_DEPLOYMENT_TARGET = 10.14;
				MTL_ENABLE_DEBUG_INFO = NO;
				MTL_FAST_MATH = YES;
				SDKROOT = macosx;
			};
			name = Release;
		};
		2433AC5E26A09BE7000081F7 /* Debug */ = {
			isa = XCBuildConfiguration;
			buildSettings = {
				CODE_SIGN_STYLE = Automatic;
				LIBRARY_SEARCH_PATHS = (
					"$(inherited)",
					"$(PROJECT_DIR)/minishell",
				);
				PRODUCT_NAME = "$(TARGET_NAME)";
			};
			name = Debug;
		};
		2433AC5F26A09BE7000081F7 /* Release */ = {
			isa = XCBuildConfiguration;
			buildSettings = {
				CODE_SIGN_STYLE = Automatic;
				LIBRARY_SEARCH_PATHS = (
					"$(inherited)",
					"$(PROJECT_DIR)/minishell",
				);
				PRODUCT_NAME = "$(TARGET_NAME)";
			};
			name = Release;
		};
/* End XCBuildConfiguration section */

/* Begin XCConfigurationList section */
		2433AC5126A09BE7000081F7 /* Build configuration list for PBXProject "minishell" */ = {
			isa = XCConfigurationList;
			buildConfigurations = (
				2433AC5B26A09BE7000081F7 /* Debug */,
				2433AC5C26A09BE7000081F7 /* Release */,
			);
			defaultConfigurationIsVisible = 0;
			defaultConfigurationName = Release;
		};
		2433AC5D26A09BE7000081F7 /* Build configuration list for PBXNativeTarget "minishell" */ = {
			isa = XCConfigurationList;
			buildConfigurations = (
				2433AC5E26A09BE7000081F7 /* Debug */,
				2433AC5F26A09BE7000081F7 /* Release */,
			);
			defaultConfigurationIsVisible = 0;
			defaultConfigurationName = Release;
		};
/* End XCConfigurationList section */
	};
	rootObject = 2433AC4E26A09BE7000081F7 /* Project object */;
}
